
Microsoft Visual Studio Solution File, Format Version 12.00
Project("{2150E333-8FDC-42A3-9474-1A3956D46DE8}") = "Core", "Core", "{A5D41907-FFF9-4A2B-A99A-FE9E22389864}"
EndProject
Project("{2150E333-8FDC-42A3-9474-1A3956D46DE8}") = "Infrastructure", "Infrastructure", "{06522EA5-F3D7-4768-B0AC-4394FAE9B092}"
EndProject
Project("{2150E333-8FDC-42A3-9474-1A3956D46DE8}") = "Persentation", "Persentation", "{F315BFEA-B0FE-4261-BE96-C5ED1FC90066}"
EndProject
Project("{2150E333-8FDC-42A3-9474-1A3956D46DE8}") = "Test", "Test", "{0B7FA012-E8BD-45F7-9C83-93826D41F424}"
EndProject
Project("{FAE04EC0-301F-11D3-BF4B-00C04F79EFBC}") = "CS20.FW.WorkSchedule.Core", "CS20.FW.WorkSchedule.Core\CS20.FW.WorkSchedule.Core.csproj", "{4947DE74-DA36-4F02-A958-C122A70FFF59}"
EndProject
Project("{FAE04EC0-301F-11D3-BF4B-00C04F79EFBC}") = "CS20.FW.WorkSchedule.Domain", "CS20.FW.WorkSchedule.Domain\CS20.FW.WorkSchedule.Domain.csproj", "{760F690F-624D-45E7-89D3-673A5F82EC28}"
EndProject
Project("{FAE04EC0-301F-11D3-BF4B-00C04F79EFBC}") = "CS20.FW.WorkSchedule.Database.Sqlite", "CS20.FW.WorkSchedule.Database.Sqlite\CS20.FW.WorkSchedule.Database.Sqlite.csproj", "{D1DB0531-7399-4436-8BD5-F8A8D51555CE}"
EndProject
Project("{FAE04EC0-301F-11D3-BF4B-00C04F79EFBC}") = "CS20.FW.WorkSchedule.Security", "CS20.FW.WorkSchedule.Security\CS20.FW.WorkSchedule.Security.csproj", "{2BA0171D-EC86-40FB-A205-CB750422C67E}"
EndProject
Project("{FAE04EC0-301F-11D3-BF4B-00C04F79EFBC}") = "CS20.FW.WorkSchedule.WebApi", "CS20.FW.WorkSchedule.WebApi\CS20.FW.WorkSchedule.WebApi.csproj", "{92EDB57F-9A6D-44BB-B51B-5E2313CE447A}"
EndProject
Project("{FAE04EC0-301F-11D3-BF4B-00C04F79EFBC}") = "CS20.FW.WorkSchedule.Core.Test", "CS20.FW.WorkSchedule.Core.Test\CS20.FW.WorkSchedule.Core.Test.csproj", "{5401CEE6-36B9-476D-8944-F77889FAB565}"
EndProject
Project("{FAE04EC0-301F-11D3-BF4B-00C04F79EFBC}") = "CS20.FW.WorkSchedule.Domain.Test", "CS20.FW.WorkSchedule.Domain.Test\CS20.FW.WorkSchedule.Domain.Test.csproj", "{9E288556-61A9-438E-AB44-60931310B992}"
EndProject
Global
	GlobalSection(SolutionConfigurationPlatforms) = preSolution
		Debug|Any CPU = Debug|Any CPU
		Release|Any CPU = Release|Any CPU
	EndGlobalSection
	GlobalSection(NestedProjects) = preSolution
		{4947DE74-DA36-4F02-A958-C122A70FFF59} = {A5D41907-FFF9-4A2B-A99A-FE9E22389864}
		{760F690F-624D-45E7-89D3-673A5F82EC28} = {A5D41907-FFF9-4A2B-A99A-FE9E22389864}
		{D1DB0531-7399-4436-8BD5-F8A8D51555CE} = {06522EA5-F3D7-4768-B0AC-4394FAE9B092}
		{2BA0171D-EC86-40FB-A205-CB750422C67E} = {06522EA5-F3D7-4768-B0AC-4394FAE9B092}
		{92EDB57F-9A6D-44BB-B51B-5E2313CE447A} = {F315BFEA-B0FE-4261-BE96-C5ED1FC90066}
		{5401CEE6-36B9-476D-8944-F77889FAB565} = {0B7FA012-E8BD-45F7-9C83-93826D41F424}
		{9E288556-61A9-438E-AB44-60931310B992} = {0B7FA012-E8BD-45F7-9C83-93826D41F424}
	EndGlobalSection
	GlobalSection(ProjectConfigurationPlatforms) = postSolution
		{4947DE74-DA36-4F02-A958-C122A70FFF59}.Debug|Any CPU.ActiveCfg = Debug|Any CPU
		{4947DE74-DA36-4F02-A958-C122A70FFF59}.Debug|Any CPU.Build.0 = Debug|Any CPU
		{4947DE74-DA36-4F02-A958-C122A70FFF59}.Release|Any CPU.ActiveCfg = Release|Any CPU
		{4947DE74-DA36-4F02-A958-C122A70FFF59}.Release|Any CPU.Build.0 = Release|Any CPU
		{760F690F-624D-45E7-89D3-673A5F82EC28}.Debug|Any CPU.ActiveCfg = Debug|Any CPU
		{760F690F-624D-45E7-89D3-673A5F82EC28}.Debug|Any CPU.Build.0 = Debug|Any CPU
		{760F690F-624D-45E7-89D3-673A5F82EC28}.Release|Any CPU.ActiveCfg = Release|Any CPU
		{760F690F-624D-45E7-89D3-673A5F82EC28}.Release|Any CPU.Build.0 = Release|Any CPU
		{D1DB0531-7399-4436-8BD5-F8A8D51555CE}.Debug|Any CPU.ActiveCfg = Debug|Any CPU
		{D1DB0531-7399-4436-8BD5-F8A8D51555CE}.Debug|Any CPU.Build.0 = Debug|Any CPU
		{D1DB0531-7399-4436-8BD5-F8A8D51555CE}.Release|Any CPU.ActiveCfg = Release|Any CPU
		{D1DB0531-7399-4436-8BD5-F8A8D51555CE}.Release|Any CPU.Build.0 = Release|Any CPU
		{2BA0171D-EC86-40FB-A205-CB750422C67E}.Debug|Any CPU.ActiveCfg = Debug|Any CPU
		{2BA0171D-EC86-40FB-A205-CB750422C67E}.Debug|Any CPU.Build.0 = Debug|Any CPU
		{2BA0171D-EC86-40FB-A205-CB750422C67E}.Release|Any CPU.ActiveCfg = Release|Any CPU
		{2BA0171D-EC86-40FB-A205-CB750422C67E}.Release|Any CPU.Build.0 = Release|Any CPU
		{92EDB57F-9A6D-44BB-B51B-5E2313CE447A}.Debug|Any CPU.ActiveCfg = Debug|Any CPU
		{92EDB57F-9A6D-44BB-B51B-5E2313CE447A}.Debug|Any CPU.Build.0 = Debug|Any CPU
		{92EDB57F-9A6D-44BB-B51B-5E2313CE447A}.Release|Any CPU.ActiveCfg = Release|Any CPU
		{92EDB57F-9A6D-44BB-B51B-5E2313CE447A}.Release|Any CPU.Build.0 = Release|Any CPU
		{5401CEE6-36B9-476D-8944-F77889FAB565}.Debug|Any CPU.ActiveCfg = Debug|Any CPU
		{5401CEE6-36B9-476D-8944-F77889FAB565}.Debug|Any CPU.Build.0 = Debug|Any CPU
		{5401CEE6-36B9-476D-8944-F77889FAB565}.Release|Any CPU.ActiveCfg = Release|Any CPU
		{5401CEE6-36B9-476D-8944-F77889FAB565}.Release|Any CPU.Build.0 = Release|Any CPU
		{9E288556-61A9-438E-AB44-60931310B992}.Debug|Any CPU.ActiveCfg = Debug|Any CPU
		{9E288556-61A9-438E-AB44-60931310B992}.Debug|Any CPU.Build.0 = Debug|Any CPU
		{9E288556-61A9-438E-AB44-60931310B992}.Release|Any CPU.ActiveCfg = Release|Any CPU
		{9E288556-61A9-438E-AB44-60931310B992}.Release|Any CPU.Build.0 = Release|Any CPU
	EndGlobalSection
EndGlobal
